<?xml version="1.0" encoding="utf-8"?>
<Project ToolsVersion="4.0" xmlns="http://schemas.microsoft.com/developer/msbuild/2003">
  <ItemGroup>
    <Filter Include="Common">
      <UniqueIdentifier>2ba0d2ad-69e0-48b2-943c-0db5f7b7736e</UniqueIdentifier>
    </Filter>
    <Filter Include="Assets">
      <UniqueIdentifier>a3fab4c5-851d-4e10-b056-0b973d1094db</UniqueIdentifier>
      <Extensions>ico;cur;bmp;dds;dlg;fbx;rct;bin;rgs;gif;jpg;jpeg;jpe;resx;tga;tiff;tif;png;wav;mfcribbon-ms</Extensions>
    </Filter>
    <Filter Include="Classes">
      <UniqueIdentifier>{f03fd467-9920-4954-a0e9-c54ed06331d7}</UniqueIdentifier>
    </Filter>
    <Filter Include="Libraries">
      <UniqueIdentifier>{e7112803-f22e-4bac-baf3-5e5e97b364cd}</UniqueIdentifier>
    </Filter>
    <Filter Include="Compute">
      <UniqueIdentifier>{f1cb2aee-9727-4c7a-9c58-271e470c72b8}</UniqueIdentifier>
    </Filter>
    <Filter Include="Misc files">
      <UniqueIdentifier>{fa619806-e6e8-4dd3-95b4-cfb837c8ea98}</UniqueIdentifier>
    </Filter>
  </ItemGroup>
  <ItemGroup>
    <ClInclude Include="pch.h" />
    <ClInclude Include="Game.h" />
    <ClInclude Include="StepTimer.h">
      <Filter>Common</Filter>
    </ClInclude>
    <ClInclude Include="DeviceResources.h">
      <Filter>Common</Filter>
    </ClInclude>
    <ClInclude Include="ClippingLib.h">
      <Filter>Libraries</Filter>
    </ClInclude>
    <ClInclude Include="CoreFuncsLib.h">
      <Filter>Libraries</Filter>
    </ClInclude>
    <ClInclude Include="VisCompute.h">
      <Filter>Compute</Filter>
    </ClInclude>
    <ClInclude Include="LightTreeCompute.h">
      <Filter>Compute</Filter>
    </ClInclude>
    <ClInclude Include="SceneObject.h">
      <Filter>Classes</Filter>
    </ClInclude>
    <ClInclude Include="Material.h">
      <Filter>Classes</Filter>
    </ClInclude>
    <ClInclude Include="Mesh.h">
      <Filter>Classes</Filter>
    </ClInclude>
    <ClInclude Include="SceneInformation.h">
      <Filter>Classes</Filter>
    </ClInclude>
  </ItemGroup>
  <ItemGroup>
    <ClCompile Include="pch.cpp" />
    <ClCompile Include="Game.cpp" />
    <ClCompile Include="Main.cpp" />
    <ClCompile Include="DeviceResources.cpp">
      <Filter>Common</Filter>
    </ClCompile>
    <ClCompile Include="Material.cpp">
      <Filter>Classes</Filter>
    </ClCompile>
    <ClCompile Include="Mesh.cpp">
      <Filter>Classes</Filter>
    </ClCompile>
    <ClCompile Include="SceneObject.cpp">
      <Filter>Classes</Filter>
    </ClCompile>
    <ClCompile Include="ClippingLib.cpp">
      <Filter>Libraries</Filter>
    </ClCompile>
    <ClCompile Include="CoreFuncsLib.cpp">
      <Filter>Libraries</Filter>
    </ClCompile>
    <ClCompile Include="VisCompute.cpp">
      <Filter>Compute</Filter>
    </ClCompile>
    <ClCompile Include="LightTreeCompute.cpp">
      <Filter>Compute</Filter>
    </ClCompile>
    <ClCompile Include="SceneInformation.cpp">
      <Filter>Classes</Filter>
    </ClCompile>
  </ItemGroup>
  <ItemGroup>
    <ResourceCompile Include="resource.rc" />
  </ItemGroup>
  <ItemGroup>
    <Image Include="directx.ico">
      <Filter>Assets</Filter>
    </Image>
  </ItemGroup>
  <ItemGroup>
    <Manifest Include="settings.manifest">
      <Filter>Assets</Filter>
    </Manifest>
  </ItemGroup>
  <ItemGroup>
    <None Include="packages.config" />
    <None Include="scene.json" />
    <None Include="..\LICENSE">
      <Filter>Misc files</Filter>
    </None>
    <None Include="..\README.md">
      <Filter>Misc files</Filter>
    </None>
  </ItemGroup>
</Project>